
Microsoft Visual Studio Solution File, Format Version 12.00
# Visual Studio Version 16
VisualStudioVersion = 16.0.31321.278
MinimumVisualStudioVersion = 10.0.40219.1
Project("{FAE04EC0-301F-11D3-BF4B-00C04F79EFBC}") = "GestionCmd", "GestionCmd\GestionCmd.csproj", "{28DE0CC3-866C-44C3-8127-09623526684A}"
EndProject
Global
	GlobalSection(SolutionConfigurationPlatforms) = preSolution
		Debug|Any CPU = Debug|Any CPU
		Release|Any CPU = Release|Any CPU
	EndGlobalSection
	GlobalSection(ProjectConfigurationPlatforms) = postSolution
		{28DE0CC3-866C-44C3-8127-09623526684A}.Debug|Any CPU.ActiveCfg = Debug|Any CPU
		{28DE0CC3-866C-44C3-8127-09623526684A}.Debug|Any CPU.Build.0 = Debug|Any CPU
		{28DE0CC3-866C-44C3-8127-09623526684A}.Release|Any CPU.ActiveCfg = Release|Any CPU
		{28DE0CC3-866C-44C3-8127-09623526684A}.Release|Any CPU.Build.0 = Release|Any CPU
	EndGlobalSection
	GlobalSection(SolutionProperties) = preSolution
		HideSolutionNode = FALSE
	EndGlobalSection
	GlobalSection(ExtensibilityGlobals) = postSolution
		SolutionGuid = {14C190A6-B247-4AE1-8092-7BE9ADE1748B}
	EndGlobalSection
EndGlobal
